
Microsoft Visual Studio Solution File, Format Version 12.00
# Visual Studio Version 17
VisualStudioVersion = 17.5.002.0
MinimumVisualStudioVersion = 10.0.40219.1
Project("{9A19103F-16F7-4668-BE54-9A1E7A4F7556}") = "OCR2Po", "OCR2Po.csproj", "{A86C42C7-35C3-4FD7-93A6-5C49B00F86BB}"
EndProject
Global
	GlobalSection(SolutionConfigurationPlatforms) = preSolution
		Debug|Any CPU = Debug|Any CPU
		Release|Any CPU = Release|Any CPU
	EndGlobalSection
	GlobalSection(ProjectConfigurationPlatforms) = postSolution
		{A86C42C7-35C3-4FD7-93A6-5C49B00F86BB}.Debug|Any CPU.ActiveCfg = Debug|Any CPU
		{A86C42C7-35C3-4FD7-93A6-5C49B00F86BB}.Debug|Any CPU.Build.0 = Debug|Any CPU
		{A86C42C7-35C3-4FD7-93A6-5C49B00F86BB}.Release|Any CPU.ActiveCfg = Release|Any CPU
		{A86C42C7-35C3-4FD7-93A6-5C49B00F86BB}.Release|Any CPU.Build.0 = Release|Any CPU
	EndGlobalSection
	GlobalSection(SolutionProperties) = preSolution
		HideSolutionNode = FALSE
	EndGlobalSection
	GlobalSection(ExtensibilityGlobals) = postSolution
		SolutionGuid = {F169227E-1561-4AB1-B211-05E805055512}
	EndGlobalSection
EndGlobal
